{
  "packages" : [ {
    "kind" : "remoteSourceControl",
    "location" : "https://github.com/facebook/facebook-ios-sdk",
    "state" : {
      "branch" : "main",
      "revision" : "c3d367656ae8ced1149c2c6a5e6b5dd91ecad63c"
    }
  }, {
    "kind" : "remoteSourceControl",
    "location" : "https://github.com/hmlongco/Resolver",
    "state" : {
      "branch" : "master",
      "revision" : "369813aaa96fe68b04dcb9248b584ebc46070784"
    }
  }, {
    "identity" : "swiftdeveloperpackage",
    "kind" : "remoteSourceControl",
    "location" : "https://github.com/ISSArt-LLC/SwiftDeveloperPackage",
    "state" : {
      "branch" : "main",
      "revision" : "0a3e90440c7aca207e078fa42bc7ae4f57e39d5e"
    }
  } ],
  "version" : 2
}